
Microsoft Visual Studio Solution File, Format Version 12.00
# Visual Studio Version 16
VisualStudioVersion = 16.0.32413.511
MinimumVisualStudioVersion = 10.0.40219.1
Project("{FAE04EC0-301F-11D3-BF4B-00C04F79EFBC}") = "ConsoleAppAlgoritmaSoruları", "ConsoleAppAlgoritmaSoruları\ConsoleAppAlgoritmaSoruları.csproj", "{FF131456-CAFD-4483-A25B-4BABC66FDC9F}"
EndProject
Global
	GlobalSection(SolutionConfigurationPlatforms) = preSolution
		Debug|Any CPU = Debug|Any CPU
		Release|Any CPU = Release|Any CPU
	EndGlobalSection
	GlobalSection(ProjectConfigurationPlatforms) = postSolution
		{FF131456-CAFD-4483-A25B-4BABC66FDC9F}.Debug|Any CPU.ActiveCfg = Debug|Any CPU
		{FF131456-CAFD-4483-A25B-4BABC66FDC9F}.Debug|Any CPU.Build.0 = Debug|Any CPU
		{FF131456-CAFD-4483-A25B-4BABC66FDC9F}.Release|Any CPU.ActiveCfg = Release|Any CPU
		{FF131456-CAFD-4483-A25B-4BABC66FDC9F}.Release|Any CPU.Build.0 = Release|Any CPU
	EndGlobalSection
	GlobalSection(SolutionProperties) = preSolution
		HideSolutionNode = FALSE
	EndGlobalSection
	GlobalSection(ExtensibilityGlobals) = postSolution
		SolutionGuid = {A11930E0-1F20-41C4-9846-EA954FE8519E}
	EndGlobalSection
EndGlobal
